
Microsoft Visual Studio Solution File, Format Version 12.00
# Visual Studio Version 16
VisualStudioVersion = 16.0.31105.61
MinimumVisualStudioVersion = 10.0.40219.1
Project("{FAE04EC0-301F-11D3-BF4B-00C04F79EFBC}") = "TP6", "TP6\TP6.csproj", "{8AE22629-0A9C-48F1-A8F0-D66B832C9ECB}"
EndProject
Global
	GlobalSection(SolutionConfigurationPlatforms) = preSolution
		Debug|Any CPU = Debug|Any CPU
		Release|Any CPU = Release|Any CPU
	EndGlobalSection
	GlobalSection(ProjectConfigurationPlatforms) = postSolution
		{8AE22629-0A9C-48F1-A8F0-D66B832C9ECB}.Debug|Any CPU.ActiveCfg = Debug|Any CPU
		{8AE22629-0A9C-48F1-A8F0-D66B832C9ECB}.Debug|Any CPU.Build.0 = Debug|Any CPU
		{8AE22629-0A9C-48F1-A8F0-D66B832C9ECB}.Release|Any CPU.ActiveCfg = Release|Any CPU
		{8AE22629-0A9C-48F1-A8F0-D66B832C9ECB}.Release|Any CPU.Build.0 = Release|Any CPU
	EndGlobalSection
	GlobalSection(SolutionProperties) = preSolution
		HideSolutionNode = FALSE
	EndGlobalSection
	GlobalSection(ExtensibilityGlobals) = postSolution
		SolutionGuid = {2800B8CA-8124-4BD0-BCCC-EA71B52C48CA}
	EndGlobalSection
EndGlobal
